{
  "name": "encore-ts-starter",
  "version": "0.0.1",
  "lockfileVersion": 3,
  "requires": true,
  "packages": {
    "": {
      "name": "encore-ts-starter",
      "version": "0.0.1",
      "license": "MPL-2.0",
      "dependencies": {
        "encore.dev": "^1.50.4"
      },
      "devDependencies": {
        "@types/node": "^20.5.7",
        "typescript": "^5.2.2"
      },
      "optionalDependencies": {
        "@rollup/rollup-linux-x64-gnu": "^4.13.0"
      }
    },
    "node_modules/@rollup/rollup-linux-x64-gnu": {
      "version": "4.14.3",
      "resolved": "https://registry.npmjs.org/@rollup/rollup-linux-x64-gnu/-/rollup-linux-x64-gnu-4.14.3.tgz",
      "integrity": "sha512-8ybV4Xjy59xLMyWo3GCfEGqtKV5M5gCSrZlxkPGvEPCGDLNla7v48S662HSGwRd6/2cSneMQWiv+QzcttLrrOA==",
      "cpu": [
        "x64"
      ],
      "optional": true,
      "os": [
        "linux"
      ]
    },
    "node_modules/@types/node": {
      "version": "20.11.24",
      "resolved": "https://registry.npmjs.org/@types/node/-/node-20.11.24.tgz",
      "integrity": "sha512-Kza43ewS3xoLgCEpQrsT+xRo/EJej1y0kVYGiLFE1NEODXGzTfwiC6tXTLMQskn1X4/Rjlh0MQUvx9W+L9long==",
      "dev": true,
      "dependencies": {
        "undici-types": "~5.26.4"
      }
    },
    "node_modules/encore.dev": {
      "version": "1.50.4",
      "resolved": "https://registry.npmjs.org/encore.dev/-/encore.dev-1.50.4.tgz",
      "integrity": "sha512-BAF3sckeurWNrBa51bCJOrCUhvXvRenfytNOQQ4IaHr1KiPorM/6XF59qKqiCkXL3Mtt9Vt3liyxd0mW024ebg==",
      "license": "MPL-2.0",
      "engines": {
        "node": ">=18.0.0"
      }
    },
    "node_modules/typescript": {
      "version": "5.3.3",
      "resolved": "https://registry.npmjs.org/typescript/-/typescript-5.3.3.tgz",
      "integrity": "sha512-pXWcraxM0uxAS+tN0AG/BF2TyqmHO014Z070UsJ+pFvYuRSq8KH8DmWpnbXe0pEPDHXZV3FcAbJkijJ5oNEnWw==",
      "dev": true,
      "bin": {
        "tsc": "bin/tsc",
        "tsserver": "bin/tsserver"
      },
      "engines": {
        "node": ">=14.17"
      }
    },
    "node_modules/undici-types": {
      "version": "5.26.5",
      "resolved": "https://registry.npmjs.org/undici-types/-/undici-types-5.26.5.tgz",
      "integrity": "sha512-JlCMO+ehdEIKqlFxk6IfVoAUVmgz7cU7zD/h9XZ0qzeosSHmUJVOzSQvvYSYWXkFXC+IfLKSIffhv0sVZup6pA==",
      "dev": true
    }
  }
}
